
Microsoft Visual Studio Solution File, Format Version 12.00
# Visual Studio Version 17
VisualStudioVersion = 17.5.002.0
MinimumVisualStudioVersion = 10.0.40219.1
Project("{9A19103F-16F7-4668-BE54-9A1E7A4F7556}") = "Ruddy.WEB", "Ruddy.WEB.csproj", "{50DFA7DB-63C0-482E-B0D8-B16E039F0C2B}"
EndProject
Global
	GlobalSection(SolutionConfigurationPlatforms) = preSolution
		Debug|Any CPU = Debug|Any CPU
		Release|Any CPU = Release|Any CPU
	EndGlobalSection
	GlobalSection(ProjectConfigurationPlatforms) = postSolution
		{50DFA7DB-63C0-482E-B0D8-B16E039F0C2B}.Debug|Any CPU.ActiveCfg = Debug|Any CPU
		{50DFA7DB-63C0-482E-B0D8-B16E039F0C2B}.Debug|Any CPU.Build.0 = Debug|Any CPU
		{50DFA7DB-63C0-482E-B0D8-B16E039F0C2B}.Release|Any CPU.ActiveCfg = Release|Any CPU
		{50DFA7DB-63C0-482E-B0D8-B16E039F0C2B}.Release|Any CPU.Build.0 = Release|Any CPU
	EndGlobalSection
	GlobalSection(SolutionProperties) = preSolution
		HideSolutionNode = FALSE
	EndGlobalSection
	GlobalSection(ExtensibilityGlobals) = postSolution
		SolutionGuid = {A6F3D758-FB4B-4D78-A048-6DE44CB9A10F}
	EndGlobalSection
EndGlobal
